// !$*UTF8*$!
{
	archiveVersion = 1;
	classes = {
	};
	objectVersion = 50;
	objects = {

/* Begin PBXBuildFile section */
		B69CA3A223DC8C7F0092CB3A /* SampleWatchApp WatchKit App.app in Embed Watch Content */ = {isa = PBXBuildFile; fileRef = B69CA3A123DC8C7F0092CB3A /* SampleWatchApp WatchKit App.app */; settings = {ATTRIBUTES = (RemoveHeadersOnCopy, ); }; };
		B69CA3A823DC8C7F0092CB3A /* Interface.storyboard in Resources */ = {isa = PBXBuildFile; fileRef = B69CA3A623DC8C7F0092CB3A /* Interface.storyboard */; };
		B69CA3AA23DC8C7F0092CB3A /* Assets.xcassets in Resources */ = {isa = PBXBuildFile; fileRef = B69CA3A923DC8C7F0092CB3A /* Assets.xcassets */; };
		B69CA3B123DC8C800092CB3A /* SampleWatchApp WatchKit Extension.appex in Embed App Extensions */ = {isa = PBXBuildFile; fileRef = B69CA3B023DC8C800092CB3A /* SampleWatchApp WatchKit Extension.appex */; settings = {ATTRIBUTES = (RemoveHeadersOnCopy, ); }; };
		B69CA3B623DC8C800092CB3A /* ContentView.swift in Sources */ = {isa = PBXBuildFile; fileRef = B69CA3B523DC8C800092CB3A /* ContentView.swift */; };
		B69CA3B823DC8C800092CB3A /* HostingController.swift in Sources */ = {isa = PBXBuildFile; fileRef = B69CA3B723DC8C800092CB3A /* HostingController.swift */; };
		B69CA3BA23DC8C800092CB3A /* ExtensionDelegate.swift in Sources */ = {isa = PBXBuildFile; fileRef = B69CA3B923DC8C800092CB3A /* ExtensionDelegate.swift */; };
		B69CA3BC23DC8C800092CB3A /* NotificationController.swift in Sources */ = {isa = PBXBuildFile; fileRef = B69CA3BB23DC8C800092CB3A /* NotificationController.swift */; };
		B69CA3BE23DC8C800092CB3A /* NotificationView.swift in Sources */ = {isa = PBXBuildFile; fileRef = B69CA3BD23DC8C800092CB3A /* NotificationView.swift */; };
		B69CA3C023DC8C800092CB3A /* Assets.xcassets in Resources */ = {isa = PBXBuildFile; fileRef = B69CA3BF23DC8C800092CB3A /* Assets.xcassets */; };
		B69CA3C323DC8C800092CB3A /* Preview Assets.xcassets in Resources */ = {isa = PBXBuildFile; fileRef = B69CA3C223DC8C800092CB3A /* Preview Assets.xcassets */; };
		B69CA3DA23DD62010092CB3A /* SendDelayView.swift in Sources */ = {isa = PBXBuildFile; fileRef = B69CA3D923DD62010092CB3A /* SendDelayView.swift */; };
		B69CA3DC23DD64820092CB3A /* MenuView.swift in Sources */ = {isa = PBXBuildFile; fileRef = B69CA3DB23DD64820092CB3A /* MenuView.swift */; };
		B69CA3DE23DD649F0092CB3A /* TimeSettingView.swift in Sources */ = {isa = PBXBuildFile; fileRef = B69CA3DD23DD649F0092CB3A /* TimeSettingView.swift */; };
		B69CA3E023DD64B30092CB3A /* SlackSettingView.swift in Sources */ = {isa = PBXBuildFile; fileRef = B69CA3DF23DD64B30092CB3A /* SlackSettingView.swift */; };
/* End PBXBuildFile section */

/* Begin PBXContainerItemProxy section */
		B69CA3A323DC8C7F0092CB3A /* PBXContainerItemProxy */ = {
			isa = PBXContainerItemProxy;
			containerPortal = B69CA39723DC8C7E0092CB3A /* Project object */;
			proxyType = 1;
			remoteGlobalIDString = B69CA3A023DC8C7F0092CB3A;
			remoteInfo = "SampleWatchApp WatchKit App";
		};
		B69CA3B223DC8C800092CB3A /* PBXContainerItemProxy */ = {
			isa = PBXContainerItemProxy;
			containerPortal = B69CA39723DC8C7E0092CB3A /* Project object */;
			proxyType = 1;
			remoteGlobalIDString = B69CA3AF23DC8C800092CB3A;
			remoteInfo = "SampleWatchApp WatchKit Extension";
		};
/* End PBXContainerItemProxy section */

/* Begin PBXCopyFilesBuildPhase section */
		B69CA3CB23DC8C800092CB3A /* Embed App Extensions */ = {
			isa = PBXCopyFilesBuildPhase;
			buildActionMask = 2147483647;
			dstPath = "";
			dstSubfolderSpec = 13;
			files = (
				B69CA3B123DC8C800092CB3A /* SampleWatchApp WatchKit Extension.appex in Embed App Extensions */,
			);
			name = "Embed App Extensions";
			runOnlyForDeploymentPostprocessing = 0;
		};
		B69CA3CF23DC8C800092CB3A /* Embed Watch Content */ = {
			isa = PBXCopyFilesBuildPhase;
			buildActionMask = 2147483647;
			dstPath = "$(CONTENTS_FOLDER_PATH)/Watch";
			dstSubfolderSpec = 16;
			files = (
				B69CA3A223DC8C7F0092CB3A /* SampleWatchApp WatchKit App.app in Embed Watch Content */,
			);
			name = "Embed Watch Content";
			runOnlyForDeploymentPostprocessing = 0;
		};
/* End PBXCopyFilesBuildPhase section */

/* Begin PBXFileReference section */
		B69CA39D23DC8C7F0092CB3A /* SampleWatchApp.app */ = {isa = PBXFileReference; explicitFileType = wrapper.application; includeInIndex = 0; path = SampleWatchApp.app; sourceTree = BUILT_PRODUCTS_DIR; };
		B69CA3A123DC8C7F0092CB3A /* SampleWatchApp WatchKit App.app */ = {isa = PBXFileReference; explicitFileType = wrapper.application; includeInIndex = 0; path = "SampleWatchApp WatchKit App.app"; sourceTree = BUILT_PRODUCTS_DIR; };
		B69CA3A723DC8C7F0092CB3A /* Base */ = {isa = PBXFileReference; lastKnownFileType = file.storyboard; name = Base; path = Base.lproj/Interface.storyboard; sourceTree = "<group>"; };
		B69CA3A923DC8C7F0092CB3A /* Assets.xcassets */ = {isa = PBXFileReference; lastKnownFileType = folder.assetcatalog; path = Assets.xcassets; sourceTree = "<group>"; };
		B69CA3AB23DC8C7F0092CB3A /* Info.plist */ = {isa = PBXFileReference; lastKnownFileType = text.plist.xml; path = Info.plist; sourceTree = "<group>"; };
		B69CA3B023DC8C800092CB3A /* SampleWatchApp WatchKit Extension.appex */ = {isa = PBXFileReference; explicitFileType = "wrapper.app-extension"; includeInIndex = 0; path = "SampleWatchApp WatchKit Extension.appex"; sourceTree = BUILT_PRODUCTS_DIR; };
		B69CA3B523DC8C800092CB3A /* ContentView.swift */ = {isa = PBXFileReference; lastKnownFileType = sourcecode.swift; path = ContentView.swift; sourceTree = "<group>"; };
		B69CA3B723DC8C800092CB3A /* HostingController.swift */ = {isa = PBXFileReference; lastKnownFileType = sourcecode.swift; path = HostingController.swift; sourceTree = "<group>"; };
		B69CA3B923DC8C800092CB3A /* ExtensionDelegate.swift */ = {isa = PBXFileReference; lastKnownFileType = sourcecode.swift; path = ExtensionDelegate.swift; sourceTree = "<group>"; };
		B69CA3BB23DC8C800092CB3A /* NotificationController.swift */ = {isa = PBXFileReference; lastKnownFileType = sourcecode.swift; path = NotificationController.swift; sourceTree = "<group>"; };
		B69CA3BD23DC8C800092CB3A /* NotificationView.swift */ = {isa = PBXFileReference; lastKnownFileType = sourcecode.swift; path = NotificationView.swift; sourceTree = "<group>"; };
		B69CA3BF23DC8C800092CB3A /* Assets.xcassets */ = {isa = PBXFileReference; lastKnownFileType = folder.assetcatalog; path = Assets.xcassets; sourceTree = "<group>"; };
		B69CA3C223DC8C800092CB3A /* Preview Assets.xcassets */ = {isa = PBXFileReference; lastKnownFileType = folder.assetcatalog; path = "Preview Assets.xcassets"; sourceTree = "<group>"; };
		B69CA3C423DC8C800092CB3A /* Info.plist */ = {isa = PBXFileReference; lastKnownFileType = text.plist.xml; path = Info.plist; sourceTree = "<group>"; };
		B69CA3C523DC8C800092CB3A /* PushNotificationPayload.apns */ = {isa = PBXFileReference; lastKnownFileType = text; path = PushNotificationPayload.apns; sourceTree = "<group>"; };
		B69CA3D423DC99770092CB3A /* README.md */ = {isa = PBXFileReference; lastKnownFileType = net.daringfireball.markdown; path = README.md; sourceTree = "<group>"; };
		B69CA3D923DD62010092CB3A /* SendDelayView.swift */ = {isa = PBXFileReference; lastKnownFileType = sourcecode.swift; path = SendDelayView.swift; sourceTree = "<group>"; };
		B69CA3DB23DD64820092CB3A /* MenuView.swift */ = {isa = PBXFileReference; lastKnownFileType = sourcecode.swift; path = MenuView.swift; sourceTree = "<group>"; };
		B69CA3DD23DD649F0092CB3A /* TimeSettingView.swift */ = {isa = PBXFileReference; lastKnownFileType = sourcecode.swift; path = TimeSettingView.swift; sourceTree = "<group>"; };
		B69CA3DF23DD64B30092CB3A /* SlackSettingView.swift */ = {isa = PBXFileReference; lastKnownFileType = sourcecode.swift; path = SlackSettingView.swift; sourceTree = "<group>"; };
/* End PBXFileReference section */

/* Begin PBXFrameworksBuildPhase section */
		B69CA3AD23DC8C800092CB3A /* Frameworks */ = {
			isa = PBXFrameworksBuildPhase;
			buildActionMask = 2147483647;
			files = (
			);
			runOnlyForDeploymentPostprocessing = 0;
		};
/* End PBXFrameworksBuildPhase section */

/* Begin PBXGroup section */
		B69CA39623DC8C7E0092CB3A = {
			isa = PBXGroup;
			children = (
				B69CA3D423DC99770092CB3A /* README.md */,
				B69CA3A523DC8C7F0092CB3A /* SampleWatchApp WatchKit App */,
				B69CA3B423DC8C800092CB3A /* SampleWatchApp WatchKit Extension */,
				B69CA39E23DC8C7F0092CB3A /* Products */,
			);
			sourceTree = "<group>";
		};
		B69CA39E23DC8C7F0092CB3A /* Products */ = {
			isa = PBXGroup;
			children = (
				B69CA39D23DC8C7F0092CB3A /* SampleWatchApp.app */,
				B69CA3A123DC8C7F0092CB3A /* SampleWatchApp WatchKit App.app */,
				B69CA3B023DC8C800092CB3A /* SampleWatchApp WatchKit Extension.appex */,
			);
			name = Products;
			sourceTree = "<group>";
		};
		B69CA3A523DC8C7F0092CB3A /* SampleWatchApp WatchKit App */ = {
			isa = PBXGroup;
			children = (
				B69CA3A623DC8C7F0092CB3A /* Interface.storyboard */,
				B69CA3A923DC8C7F0092CB3A /* Assets.xcassets */,
				B69CA3AB23DC8C7F0092CB3A /* Info.plist */,
			);
			path = "SampleWatchApp WatchKit App";
			sourceTree = "<group>";
		};
		B69CA3B423DC8C800092CB3A /* SampleWatchApp WatchKit Extension */ = {
			isa = PBXGroup;
			children = (
				B69CA3D823DD61630092CB3A /* Views */,
				B69CA3B723DC8C800092CB3A /* HostingController.swift */,
				B69CA3B923DC8C800092CB3A /* ExtensionDelegate.swift */,
				B69CA3BB23DC8C800092CB3A /* NotificationController.swift */,
				B69CA3BD23DC8C800092CB3A /* NotificationView.swift */,
				B69CA3BF23DC8C800092CB3A /* Assets.xcassets */,
				B69CA3C423DC8C800092CB3A /* Info.plist */,
				B69CA3C523DC8C800092CB3A /* PushNotificationPayload.apns */,
				B69CA3C123DC8C800092CB3A /* Preview Content */,
			);
			path = "SampleWatchApp WatchKit Extension";
			sourceTree = "<group>";
		};
		B69CA3C123DC8C800092CB3A /* Preview Content */ = {
			isa = PBXGroup;
			children = (
				B69CA3C223DC8C800092CB3A /* Preview Assets.xcassets */,
			);
			path = "Preview Content";
			sourceTree = "<group>";
		};
		B69CA3D823DD61630092CB3A /* Views */ = {
			isa = PBXGroup;
			children = (
				B69CA3B523DC8C800092CB3A /* ContentView.swift */,
				B69CA3D923DD62010092CB3A /* SendDelayView.swift */,
				B69CA3DB23DD64820092CB3A /* MenuView.swift */,
				B69CA3DD23DD649F0092CB3A /* TimeSettingView.swift */,
				B69CA3DF23DD64B30092CB3A /* SlackSettingView.swift */,
			);
			name = Views;
			sourceTree = "<group>";
		};
/* End PBXGroup section */

/* Begin PBXNativeTarget section */
		B69CA39C23DC8C7F0092CB3A /* SampleWatchApp */ = {
			isa = PBXNativeTarget;
			buildConfigurationList = B69CA3D023DC8C800092CB3A /* Build configuration list for PBXNativeTarget "SampleWatchApp" */;
			buildPhases = (
				B69CA39B23DC8C7F0092CB3A /* Resources */,
				B69CA3CF23DC8C800092CB3A /* Embed Watch Content */,
			);
			buildRules = (
			);
			dependencies = (
				B69CA3A423DC8C7F0092CB3A /* PBXTargetDependency */,
			);
			name = SampleWatchApp;
			productName = SampleWatchApp;
			productReference = B69CA39D23DC8C7F0092CB3A /* SampleWatchApp.app */;
			productType = "com.apple.product-type.application.watchapp2-container";
		};
		B69CA3A023DC8C7F0092CB3A /* SampleWatchApp WatchKit App */ = {
			isa = PBXNativeTarget;
			buildConfigurationList = B69CA3CC23DC8C800092CB3A /* Build configuration list for PBXNativeTarget "SampleWatchApp WatchKit App" */;
			buildPhases = (
				B69CA39F23DC8C7F0092CB3A /* Resources */,
				B69CA3CB23DC8C800092CB3A /* Embed App Extensions */,
			);
			buildRules = (
			);
			dependencies = (
				B69CA3B323DC8C800092CB3A /* PBXTargetDependency */,
			);
			name = "SampleWatchApp WatchKit App";
			productName = "SampleWatchApp WatchKit App";
			productReference = B69CA3A123DC8C7F0092CB3A /* SampleWatchApp WatchKit App.app */;
			productType = "com.apple.product-type.application.watchapp2";
		};
		B69CA3AF23DC8C800092CB3A /* SampleWatchApp WatchKit Extension */ = {
			isa = PBXNativeTarget;
			buildConfigurationList = B69CA3C823DC8C800092CB3A /* Build configuration list for PBXNativeTarget "SampleWatchApp WatchKit Extension" */;
			buildPhases = (
				B69CA3AC23DC8C800092CB3A /* Sources */,
				B69CA3AD23DC8C800092CB3A /* Frameworks */,
				B69CA3AE23DC8C800092CB3A /* Resources */,
			);
			buildRules = (
			);
			dependencies = (
			);
			name = "SampleWatchApp WatchKit Extension";
			productName = "SampleWatchApp WatchKit Extension";
			productReference = B69CA3B023DC8C800092CB3A /* SampleWatchApp WatchKit Extension.appex */;
			productType = "com.apple.product-type.watchkit2-extension";
		};
/* End PBXNativeTarget section */

/* Begin PBXProject section */
		B69CA39723DC8C7E0092CB3A /* Project object */ = {
			isa = PBXProject;
			attributes = {
				LastSwiftUpdateCheck = 1130;
				LastUpgradeCheck = 1130;
				ORGANIZATIONNAME = "U-taro";
				TargetAttributes = {
					B69CA39C23DC8C7F0092CB3A = {
						CreatedOnToolsVersion = 11.3.1;
					};
					B69CA3A023DC8C7F0092CB3A = {
						CreatedOnToolsVersion = 11.3.1;
					};
					B69CA3AF23DC8C800092CB3A = {
						CreatedOnToolsVersion = 11.3.1;
					};
				};
			};
			buildConfigurationList = B69CA39A23DC8C7E0092CB3A /* Build configuration list for PBXProject "SampleWatchApp" */;
			compatibilityVersion = "Xcode 9.3";
			developmentRegion = en;
			hasScannedForEncodings = 0;
			knownRegions = (
				en,
				Base,
			);
			mainGroup = B69CA39623DC8C7E0092CB3A;
			productRefGroup = B69CA39E23DC8C7F0092CB3A /* Products */;
			projectDirPath = "";
			projectRoot = "";
			targets = (
				B69CA39C23DC8C7F0092CB3A /* SampleWatchApp */,
				B69CA3A023DC8C7F0092CB3A /* SampleWatchApp WatchKit App */,
				B69CA3AF23DC8C800092CB3A /* SampleWatchApp WatchKit Extension */,
			);
		};
/* End PBXProject section */

/* Begin PBXResourcesBuildPhase section */
		B69CA39B23DC8C7F0092CB3A /* Resources */ = {
			isa = PBXResourcesBuildPhase;
			buildActionMask = 2147483647;
			files = (
			);
			runOnlyForDeploymentPostprocessing = 0;
		};
		B69CA39F23DC8C7F0092CB3A /* Resources */ = {
			isa = PBXResourcesBuildPhase;
			buildActionMask = 2147483647;
			files = (
				B69CA3AA23DC8C7F0092CB3A /* Assets.xcassets in Resources */,
				B69CA3A823DC8C7F0092CB3A /* Interface.storyboard in Resources */,
			);
			runOnlyForDeploymentPostprocessing = 0;
		};
		B69CA3AE23DC8C800092CB3A /* Resources */ = {
			isa = PBXResourcesBuildPhase;
			buildActionMask = 2147483647;
			files = (
				B69CA3C323DC8C800092CB3A /* Preview Assets.xcassets in Resources */,
				B69CA3C023DC8C800092CB3A /* Assets.xcassets in Resources */,
			);
			runOnlyForDeploymentPostprocessing = 0;
		};
/* End PBXResourcesBuildPhase section */

/* Begin PBXSourcesBuildPhase section */
		B69CA3AC23DC8C800092CB3A /* Sources */ = {
			isa = PBXSourcesBuildPhase;
			buildActionMask = 2147483647;
			files = (
				B69CA3E023DD64B30092CB3A /* SlackSettingView.swift in Sources */,
				B69CA3DE23DD649F0092CB3A /* TimeSettingView.swift in Sources */,
				B69CA3DC23DD64820092CB3A /* MenuView.swift in Sources */,
				B69CA3B823DC8C800092CB3A /* HostingController.swift in Sources */,
				B69CA3B623DC8C800092CB3A /* ContentView.swift in Sources */,
				B69CA3DA23DD62010092CB3A /* SendDelayView.swift in Sources */,
				B69CA3BC23DC8C800092CB3A /* NotificationController.swift in Sources */,
				B69CA3BA23DC8C800092CB3A /* ExtensionDelegate.swift in Sources */,
				B69CA3BE23DC8C800092CB3A /* NotificationView.swift in Sources */,
			);
			runOnlyForDeploymentPostprocessing = 0;
		};
/* End PBXSourcesBuildPhase section */

/* Begin PBXTargetDependency section */
		B69CA3A423DC8C7F0092CB3A /* PBXTargetDependency */ = {
			isa = PBXTargetDependency;
			target = B69CA3A023DC8C7F0092CB3A /* SampleWatchApp WatchKit App */;
			targetProxy = B69CA3A323DC8C7F0092CB3A /* PBXContainerItemProxy */;
		};
		B69CA3B323DC8C800092CB3A /* PBXTargetDependency */ = {
			isa = PBXTargetDependency;
			target = B69CA3AF23DC8C800092CB3A /* SampleWatchApp WatchKit Extension */;
			targetProxy = B69CA3B223DC8C800092CB3A /* PBXContainerItemProxy */;
		};
/* End PBXTargetDependency section */

/* Begin PBXVariantGroup section */
		B69CA3A623DC8C7F0092CB3A /* Interface.storyboard */ = {
			isa = PBXVariantGroup;
			children = (
				B69CA3A723DC8C7F0092CB3A /* Base */,
			);
			name = Interface.storyboard;
			sourceTree = "<group>";
		};
/* End PBXVariantGroup section */

/* Begin XCBuildConfiguration section */
		B69CA3C623DC8C800092CB3A /* Debug */ = {
			isa = XCBuildConfiguration;
			buildSettings = {
				ALWAYS_SEARCH_USER_PATHS = NO;
				CLANG_ANALYZER_NONNULL = YES;
				CLANG_ANALYZER_NUMBER_OBJECT_CONVERSION = YES_AGGRESSIVE;
				CLANG_CXX_LANGUAGE_STANDARD = "gnu++14";
				CLANG_CXX_LIBRARY = "libc++";
				CLANG_ENABLE_MODULES = YES;
				CLANG_ENABLE_OBJC_ARC = YES;
				CLANG_ENABLE_OBJC_WEAK = YES;
				CLANG_WARN_BLOCK_CAPTURE_AUTORELEASING = YES;
				CLANG_WARN_BOOL_CONVERSION = YES;
				CLANG_WARN_COMMA = YES;
				CLANG_WARN_CONSTANT_CONVERSION = YES;
				CLANG_WARN_DEPRECATED_OBJC_IMPLEMENTATIONS = YES;
				CLANG_WARN_DIRECT_OBJC_ISA_USAGE = YES_ERROR;
				CLANG_WARN_DOCUMENTATION_COMMENTS = YES;
				CLANG_WARN_EMPTY_BODY = YES;
				CLANG_WARN_ENUM_CONVERSION = YES;
				CLANG_WARN_INFINITE_RECURSION = YES;
				CLANG_WARN_INT_CONVERSION = YES;
				CLANG_WARN_NON_LITERAL_NULL_CONVERSION = YES;
				CLANG_WARN_OBJC_IMPLICIT_RETAIN_SELF = YES;
				CLANG_WARN_OBJC_LITERAL_CONVERSION = YES;
				CLANG_WARN_OBJC_ROOT_CLASS = YES_ERROR;
				CLANG_WARN_RANGE_LOOP_ANALYSIS = YES;
				CLANG_WARN_STRICT_PROTOTYPES = YES;
				CLANG_WARN_SUSPICIOUS_MOVE = YES;
				CLANG_WARN_UNGUARDED_AVAILABILITY = YES_AGGRESSIVE;
				CLANG_WARN_UNREACHABLE_CODE = YES;
				CLANG_WARN__DUPLICATE_METHOD_MATCH = YES;
				COPY_PHASE_STRIP = NO;
				DEBUG_INFORMATION_FORMAT = dwarf;
				ENABLE_STRICT_OBJC_MSGSEND = YES;
				ENABLE_TESTABILITY = YES;
				GCC_C_LANGUAGE_STANDARD = gnu11;
				GCC_DYNAMIC_NO_PIC = NO;
				GCC_NO_COMMON_BLOCKS = YES;
				GCC_OPTIMIZATION_LEVEL = 0;
				GCC_PREPROCESSOR_DEFINITIONS = (
					"DEBUG=1",
					"$(inherited)",
				);
				GCC_WARN_64_TO_32_BIT_CONVERSION = YES;
				GCC_WARN_ABOUT_RETURN_TYPE = YES_ERROR;
				GCC_WARN_UNDECLARED_SELECTOR = YES;
				GCC_WARN_UNINITIALIZED_AUTOS = YES_AGGRESSIVE;
				GCC_WARN_UNUSED_FUNCTION = YES;
				GCC_WARN_UNUSED_VARIABLE = YES;
				MTL_ENABLE_DEBUG_INFO = INCLUDE_SOURCE;
				MTL_FAST_MATH = YES;
				ONLY_ACTIVE_ARCH = YES;
				SDKROOT = iphoneos;
				SWIFT_ACTIVE_COMPILATION_CONDITIONS = DEBUG;
				SWIFT_OPTIMIZATION_LEVEL = "-Onone";
			};
			name = Debug;
		};
		B69CA3C723DC8C800092CB3A /* Release */ = {
			isa = XCBuildConfiguration;
			buildSettings = {
				ALWAYS_SEARCH_USER_PATHS = NO;
				CLANG_ANALYZER_NONNULL = YES;
				CLANG_ANALYZER_NUMBER_OBJECT_CONVERSION = YES_AGGRESSIVE;
				CLANG_CXX_LANGUAGE_STANDARD = "gnu++14";
				CLANG_CXX_LIBRARY = "libc++";
				CLANG_ENABLE_MODULES = YES;
				CLANG_ENABLE_OBJC_ARC = YES;
				CLANG_ENABLE_OBJC_WEAK = YES;
				CLANG_WARN_BLOCK_CAPTURE_AUTORELEASING = YES;
				CLANG_WARN_BOOL_CONVERSION = YES;
				CLANG_WARN_COMMA = YES;
				CLANG_WARN_CONSTANT_CONVERSION = YES;
				CLANG_WARN_DEPRECATED_OBJC_IMPLEMENTATIONS = YES;
				CLANG_WARN_DIRECT_OBJC_ISA_USAGE = YES_ERROR;
				CLANG_WARN_DOCUMENTATION_COMMENTS = YES;
				CLANG_WARN_EMPTY_BODY = YES;
				CLANG_WARN_ENUM_CONVERSION = YES;
				CLANG_WARN_INFINITE_RECURSION = YES;
				CLANG_WARN_INT_CONVERSION = YES;
				CLANG_WARN_NON_LITERAL_NULL_CONVERSION = YES;
				CLANG_WARN_OBJC_IMPLICIT_RETAIN_SELF = YES;
				CLANG_WARN_OBJC_LITERAL_CONVERSION = YES;
				CLANG_WARN_OBJC_ROOT_CLASS = YES_ERROR;
				CLANG_WARN_RANGE_LOOP_ANALYSIS = YES;
				CLANG_WARN_STRICT_PROTOTYPES = YES;
				CLANG_WARN_SUSPICIOUS_MOVE = YES;
				CLANG_WARN_UNGUARDED_AVAILABILITY = YES_AGGRESSIVE;
				CLANG_WARN_UNREACHABLE_CODE = YES;
				CLANG_WARN__DUPLICATE_METHOD_MATCH = YES;
				COPY_PHASE_STRIP = NO;
				DEBUG_INFORMATION_FORMAT = "dwarf-with-dsym";
				ENABLE_NS_ASSERTIONS = NO;
				ENABLE_STRICT_OBJC_MSGSEND = YES;
				GCC_C_LANGUAGE_STANDARD = gnu11;
				GCC_NO_COMMON_BLOCKS = YES;
				GCC_WARN_64_TO_32_BIT_CONVERSION = YES;
				GCC_WARN_ABOUT_RETURN_TYPE = YES_ERROR;
				GCC_WARN_UNDECLARED_SELECTOR = YES;
				GCC_WARN_UNINITIALIZED_AUTOS = YES_AGGRESSIVE;
				GCC_WARN_UNUSED_FUNCTION = YES;
				GCC_WARN_UNUSED_VARIABLE = YES;
				MTL_ENABLE_DEBUG_INFO = NO;
				MTL_FAST_MATH = YES;
				SDKROOT = iphoneos;
				SWIFT_COMPILATION_MODE = wholemodule;
				SWIFT_OPTIMIZATION_LEVEL = "-O";
				VALIDATE_PRODUCT = YES;
			};
			name = Release;
		};
		B69CA3C923DC8C800092CB3A /* Debug */ = {
			isa = XCBuildConfiguration;
			buildSettings = {
				ASSETCATALOG_COMPILER_COMPLICATION_NAME = Complication;
				CODE_SIGN_STYLE = Automatic;
				DEVELOPMENT_ASSET_PATHS = "\"SampleWatchApp WatchKit Extension/Preview Content\"";
				ENABLE_PREVIEWS = YES;
				INFOPLIST_FILE = "SampleWatchApp WatchKit Extension/Info.plist";
				LD_RUNPATH_SEARCH_PATHS = (
					"$(inherited)",
					"@executable_path/Frameworks",
					"@executable_path/../../Frameworks",
				);
				PRODUCT_BUNDLE_IDENTIFIER = "U-taro.SampleWatchApp.watchkitapp.watchkitextension";
				PRODUCT_NAME = "${TARGET_NAME}";
				SDKROOT = watchos;
				SKIP_INSTALL = YES;
				SWIFT_VERSION = 5.0;
				TARGETED_DEVICE_FAMILY = 4;
				WATCHOS_DEPLOYMENT_TARGET = 6.1;
			};
			name = Debug;
		};
		B69CA3CA23DC8C800092CB3A /* Release */ = {
			isa = XCBuildConfiguration;
			buildSettings = {
				ASSETCATALOG_COMPILER_COMPLICATION_NAME = Complication;
				CODE_SIGN_STYLE = Automatic;
				DEVELOPMENT_ASSET_PATHS = "\"SampleWatchApp WatchKit Extension/Preview Content\"";
				ENABLE_PREVIEWS = YES;
				INFOPLIST_FILE = "SampleWatchApp WatchKit Extension/Info.plist";
				LD_RUNPATH_SEARCH_PATHS = (
					"$(inherited)",
					"@executable_path/Frameworks",
					"@executable_path/../../Frameworks",
				);
				PRODUCT_BUNDLE_IDENTIFIER = "U-taro.SampleWatchApp.watchkitapp.watchkitextension";
				PRODUCT_NAME = "${TARGET_NAME}";
				SDKROOT = watchos;
				SKIP_INSTALL = YES;
				SWIFT_VERSION = 5.0;
				TARGETED_DEVICE_FAMILY = 4;
				WATCHOS_DEPLOYMENT_TARGET = 6.1;
			};
			name = Release;
		};
		B69CA3CD23DC8C800092CB3A /* Debug */ = {
			isa = XCBuildConfiguration;
			buildSettings = {
				ALWAYS_EMBED_SWIFT_STANDARD_LIBRARIES = YES;
				ASSETCATALOG_COMPILER_APPICON_NAME = AppIcon;
				CODE_SIGN_STYLE = Automatic;
				IBSC_MODULE = SampleWatchApp_WatchKit_Extension;
				INFOPLIST_FILE = "SampleWatchApp WatchKit App/Info.plist";
				PRODUCT_BUNDLE_IDENTIFIER = "U-taro.SampleWatchApp.watchkitapp";
				PRODUCT_NAME = "$(TARGET_NAME)";
				SDKROOT = watchos;
				SKIP_INSTALL = YES;
				SWIFT_VERSION = 5.0;
				TARGETED_DEVICE_FAMILY = 4;
				WATCHOS_DEPLOYMENT_TARGET = 6.1;
			};
			name = Debug;
		};
		B69CA3CE23DC8C800092CB3A /* Release */ = {
			isa = XCBuildConfiguration;
			buildSettings = {
				ALWAYS_EMBED_SWIFT_STANDARD_LIBRARIES = YES;
				ASSETCATALOG_COMPILER_APPICON_NAME = AppIcon;
				CODE_SIGN_STYLE = Automatic;
				IBSC_MODULE = SampleWatchApp_WatchKit_Extension;
				INFOPLIST_FILE = "SampleWatchApp WatchKit App/Info.plist";
				PRODUCT_BUNDLE_IDENTIFIER = "U-taro.SampleWatchApp.watchkitapp";
				PRODUCT_NAME = "$(TARGET_NAME)";
				SDKROOT = watchos;
				SKIP_INSTALL = YES;
				SWIFT_VERSION = 5.0;
				TARGETED_DEVICE_FAMILY = 4;
				WATCHOS_DEPLOYMENT_TARGET = 6.1;
			};
			name = Release;
		};
		B69CA3D123DC8C800092CB3A /* Debug */ = {
			isa = XCBuildConfiguration;
			buildSettings = {
				CODE_SIGN_STYLE = Automatic;
				CURRENT_PROJECT_VERSION = 1;
				MARKETING_VERSION = 1.0;
				PRODUCT_BUNDLE_IDENTIFIER = "U-taro.SampleWatchApp";
				PRODUCT_NAME = "$(TARGET_NAME)";
				SWIFT_VERSION = 5.0;
			};
			name = Debug;
		};
		B69CA3D223DC8C800092CB3A /* Release */ = {
			isa = XCBuildConfiguration;
			buildSettings = {
				CODE_SIGN_STYLE = Automatic;
				CURRENT_PROJECT_VERSION = 1;
				MARKETING_VERSION = 1.0;
				PRODUCT_BUNDLE_IDENTIFIER = "U-taro.SampleWatchApp";
				PRODUCT_NAME = "$(TARGET_NAME)";
				SWIFT_VERSION = 5.0;
			};
			name = Release;
		};
/* End XCBuildConfiguration section */

/* Begin XCConfigurationList section */
		B69CA39A23DC8C7E0092CB3A /* Build configuration list for PBXProject "SampleWatchApp" */ = {
			isa = XCConfigurationList;
			buildConfigurations = (
				B69CA3C623DC8C800092CB3A /* Debug */,
				B69CA3C723DC8C800092CB3A /* Release */,
			);
			defaultConfigurationIsVisible = 0;
			defaultConfigurationName = Release;
		};
		B69CA3C823DC8C800092CB3A /* Build configuration list for PBXNativeTarget "SampleWatchApp WatchKit Extension" */ = {
			isa = XCConfigurationList;
			buildConfigurations = (
				B69CA3C923DC8C800092CB3A /* Debug */,
				B69CA3CA23DC8C800092CB3A /* Release */,
			);
			defaultConfigurationIsVisible = 0;
			defaultConfigurationName = Release;
		};
		B69CA3CC23DC8C800092CB3A /* Build configuration list for PBXNativeTarget "SampleWatchApp WatchKit App" */ = {
			isa = XCConfigurationList;
			buildConfigurations = (
				B69CA3CD23DC8C800092CB3A /* Debug */,
				B69CA3CE23DC8C800092CB3A /* Release */,
			);
			defaultConfigurationIsVisible = 0;
			defaultConfigurationName = Release;
		};
		B69CA3D023DC8C800092CB3A /* Build configuration list for PBXNativeTarget "SampleWatchApp" */ = {
			isa = XCConfigurationList;
			buildConfigurations = (
				B69CA3D123DC8C800092CB3A /* Debug */,
				B69CA3D223DC8C800092CB3A /* Release */,
			);
			defaultConfigurationIsVisible = 0;
			defaultConfigurationName = Release;
		};
/* End XCConfigurationList section */
	};
	rootObject = B69CA39723DC8C7E0092CB3A /* Project object */;
}
